# This file is automatically @generated by Cargo.
# It is not intended for manual editing.
version = 4

[[package]]
name = "maki"
version = "0.1.0"

[[package]]
name = "maki-attach"
version = "0.1.0"

[[package]]
name = "maki-backing"
version = "0.1.0"

[[package]]
name = "maki-benchmark"
version = "0.1.0"

[[package]]
name = "maki-cache"
version = "0.1.0"

[[package]]
name = "maki-check"
version = "0.1.0"

[[package]]
name = "maki-control"
version = "0.1.0"

[[package]]
name = "maki-core"
version = "0.1.0"

[[package]]
name = "maki-crypto"
version = "0.1.0"

[[package]]
name = "maki-crypto-grpc"
version = "0.1.0"

[[package]]
name = "maki-crypto-http"
version = "0.1.0"

[[package]]
name = "maki-crypto-local"
version = "0.1.0"

[[package]]
name = "maki-crypto-websocket"
version = "0.1.0"

[[package]]
name = "maki-format"
version = "0.1.0"

[[package]]
name = "maki-nbdkit"
version = "0.1.0"

[[package]]
name = "maki-privileged"
version = "0.1.0"

[[package]]
name = "maki-test-support"
version = "0.1.0"
